
Microsoft Visual Studio Solution File, Format Version 12.00
# Visual Studio Version 17
VisualStudioVersion = 17.10.35013.160
MinimumVisualStudioVersion = 10.0.40219.1
Project("{9A19103F-16F7-4668-BE54-9A1E7A4F7556}") = "SpecFlowPlaywrightFramework", "SpecFlowPlaywrightFramework.csproj", "{909450E5-D1EF-4B6F-B834-932F5FD97D30}"
EndProject
Global
	GlobalSection(SolutionConfigurationPlatforms) = preSolution
		Debug|Any CPU = Debug|Any CPU
		Release|Any CPU = Release|Any CPU
	EndGlobalSection
	GlobalSection(ProjectConfigurationPlatforms) = postSolution
		{909450E5-D1EF-4B6F-B834-932F5FD97D30}.Debug|Any CPU.ActiveCfg = Debug|Any CPU
		{909450E5-D1EF-4B6F-B834-932F5FD97D30}.Debug|Any CPU.Build.0 = Debug|Any CPU
		{909450E5-D1EF-4B6F-B834-932F5FD97D30}.Release|Any CPU.ActiveCfg = Release|Any CPU
		{909450E5-D1EF-4B6F-B834-932F5FD97D30}.Release|Any CPU.Build.0 = Release|Any CPU
	EndGlobalSection
	GlobalSection(SolutionProperties) = preSolution
		HideSolutionNode = FALSE
	EndGlobalSection
	GlobalSection(ExtensibilityGlobals) = postSolution
		SolutionGuid = {696E6F3B-B777-4359-A55D-F5B118A29D68}
	EndGlobalSection
EndGlobal
